
Microsoft Visual Studio Solution File, Format Version 12.00
# Visual Studio Version 17
VisualStudioVersion = 17.5.33424.131
MinimumVisualStudioVersion = 10.0.40219.1
Project("{9A19103F-16F7-4668-BE54-9A1E7A4F7556}") = "TextureBackport.Api", "TextureBackport.Api\TextureBackport.Api.csproj", "{C7E6C302-4A78-4B55-A77C-DB7FD4E4321E}"
EndProject
Project("{9A19103F-16F7-4668-BE54-9A1E7A4F7556}") = "TextureBackport.Test", "TextureBackport.Test\TextureBackport.Test.csproj", "{AD0B015A-0971-41A9-8B33-76CFB3EEC347}"
EndProject
Project("{9A19103F-16F7-4668-BE54-9A1E7A4F7556}") = "TextureBackport.Gui", "TextureBackport.Gui\TextureBackport.Gui.csproj", "{D464B33A-752D-4387-A281-41340023B9F3}"
EndProject
Project("{2150E333-8FDC-42A3-9474-1A3956D46DE8}") = "Solution Items", "Solution Items", "{B1C161EB-62A7-45C5-9C3B-7FAA53B7C8B1}"
	ProjectSection(SolutionItems) = preProject
		.editorconfig = .editorconfig
	EndProjectSection
EndProject
Global
	GlobalSection(SolutionConfigurationPlatforms) = preSolution
		Debug|Any CPU = Debug|Any CPU
		Release|Any CPU = Release|Any CPU
	EndGlobalSection
	GlobalSection(ProjectConfigurationPlatforms) = postSolution
		{C7E6C302-4A78-4B55-A77C-DB7FD4E4321E}.Debug|Any CPU.ActiveCfg = Debug|Any CPU
		{C7E6C302-4A78-4B55-A77C-DB7FD4E4321E}.Debug|Any CPU.Build.0 = Debug|Any CPU
		{C7E6C302-4A78-4B55-A77C-DB7FD4E4321E}.Release|Any CPU.ActiveCfg = Release|Any CPU
		{C7E6C302-4A78-4B55-A77C-DB7FD4E4321E}.Release|Any CPU.Build.0 = Release|Any CPU
		{AD0B015A-0971-41A9-8B33-76CFB3EEC347}.Debug|Any CPU.ActiveCfg = Debug|Any CPU
		{AD0B015A-0971-41A9-8B33-76CFB3EEC347}.Debug|Any CPU.Build.0 = Debug|Any CPU
		{AD0B015A-0971-41A9-8B33-76CFB3EEC347}.Release|Any CPU.ActiveCfg = Release|Any CPU
		{AD0B015A-0971-41A9-8B33-76CFB3EEC347}.Release|Any CPU.Build.0 = Release|Any CPU
		{D464B33A-752D-4387-A281-41340023B9F3}.Debug|Any CPU.ActiveCfg = Debug|Any CPU
		{D464B33A-752D-4387-A281-41340023B9F3}.Debug|Any CPU.Build.0 = Debug|Any CPU
		{D464B33A-752D-4387-A281-41340023B9F3}.Release|Any CPU.ActiveCfg = Release|Any CPU
		{D464B33A-752D-4387-A281-41340023B9F3}.Release|Any CPU.Build.0 = Release|Any CPU
	EndGlobalSection
	GlobalSection(SolutionProperties) = preSolution
		HideSolutionNode = FALSE
	EndGlobalSection
	GlobalSection(ExtensibilityGlobals) = postSolution
		SolutionGuid = {1826AC67-77FC-48B5-A71F-821C7BE92BB2}
	EndGlobalSection
EndGlobal
